{
  "meteor": {},
  "dependencies": {
    "basePackages": {
      "bootstrap-3": {},
      "fast-render": {},
      "threejs-custom": {
        "path": "packages/threejs-custom"
      },
      "streams": {},
      "buzz.js": {},
      "hammer": {},
      "accounts-ui-bootstrap-3": {},
      "user-status": {}
    },
    "packages": {
      "bootstrap-3": {
        "git": "https://github.com/mangasocial/meteor-bootstrap-3.git",
        "tag": "v3.1.1-1",
        "commit": "63dd38968828bb8963636df93e9a1c45e2dfe67e"
      },
      "fast-render": {
        "git": "https://github.com/arunoda/meteor-fast-render.git",
        "tag": "v0.2.5",
        "commit": "93e2fb334e55fbe9b5ebb2a2e65964018658f43e"
      },
      "threejs-custom": {
        "path": "packages/threejs-custom"
      },
      "streams": {
        "git": "https://github.com/arunoda/meteor-streams.git",
        "tag": "v0.1.17",
        "commit": "9fcbbc9b7bf542827babc92089c19e730892a22f"
      },
      "buzz.js": {
        "git": "https://github.com/brentjanderson/meteor-buzz.git",
        "tag": "v1.1.0.1",
        "commit": "5c579c9833a6633a38fb05db928a09ac0a3bbc7e"
      },
      "hammer": {
        "git": "https://github.com/noorderstorm/meteor-hammer.git",
        "tag": "v0.1.3",
        "commit": "1d37707c251c04c7d9b6023ba959b23c1f257c44"
      },
      "accounts-ui-bootstrap-3": {
        "git": "https://github.com/mangasocial/meteor-accounts-ui-bootstrap-3.git",
        "tag": "v0.3.0-1",
        "commit": "93ffa5d0e325dc7026de89f6d90c178fa04bdd3a"
      },
      "user-status": {
        "git": "https://github.com/mizzao/meteor-user-status.git",
        "tag": "v0.4.0",
        "commit": "e2a1c7a4075f28b87b361387688e083a4b047a08"
      },
      "timesync": {
        "git": "https://github.com/mizzao/meteor-timesync.git",
        "tag": "v0.1.6",
        "commit": "83067433f511bc13a11ae8c87e9a4d331256915e"
      }
    }
  }
}
